
Microsoft Visual Studio Solution File, Format Version 11.00
# Visual Studio 2010
Project("{FAE04EC0-301F-11D3-BF4B-00C04F79EFBC}") = "ccMushroom", "ccMushroom.csproj", "{D23F1298-CB9C-4D68-861B-41822553D882}"
EndProject
Global
	GlobalSection(SolutionConfigurationPlatforms) = preSolution
		CodeAnalysisDebug|Any CPU = CodeAnalysisDebug|Any CPU
		Debug|Any CPU = Debug|Any CPU
		Release|Any CPU = Release|Any CPU
	EndGlobalSection
	GlobalSection(ProjectConfigurationPlatforms) = postSolution
		{D23F1298-CB9C-4D68-861B-41822553D882}.CodeAnalysisDebug|Any CPU.ActiveCfg = Debug|Any CPU
		{D23F1298-CB9C-4D68-861B-41822553D882}.CodeAnalysisDebug|Any CPU.Build.0 = Debug|Any CPU
		{D23F1298-CB9C-4D68-861B-41822553D882}.Debug|Any CPU.ActiveCfg = Debug|Any CPU
		{D23F1298-CB9C-4D68-861B-41822553D882}.Debug|Any CPU.Build.0 = Debug|Any CPU
		{D23F1298-CB9C-4D68-861B-41822553D882}.Release|Any CPU.ActiveCfg = Release|Any CPU
		{D23F1298-CB9C-4D68-861B-41822553D882}.Release|Any CPU.Build.0 = Release|Any CPU
	EndGlobalSection
	GlobalSection(SolutionProperties) = preSolution
		HideSolutionNode = FALSE
	EndGlobalSection
EndGlobal
